
Microsoft Visual Studio Solution File, Format Version 12.00
# Visual Studio Version 16
VisualStudioVersion = 16.0.31702.278
MinimumVisualStudioVersion = 10.0.40219.1
Project("{9A19103F-16F7-4668-BE54-9A1E7A4F7556}") = "01. Integer Operations", "Data Types and Variables - Exercise\01. Integer Operations.csproj", "{24E4B863-D3F1-4496-B7D6-2C0B26A80872}"
EndProject
Project("{9A19103F-16F7-4668-BE54-9A1E7A4F7556}") = "02. Sum Digits", "02. Sum Digits\02. Sum Digits.csproj", "{74F8E957-B963-40FE-9CA3-2B98BD86B10C}"
EndProject
Project("{9A19103F-16F7-4668-BE54-9A1E7A4F7556}") = "03. Elevator", "03. Elevator\03. Elevator.csproj", "{AD05B99F-F372-4828-BA95-F6FB938081C6}"
EndProject
Project("{9A19103F-16F7-4668-BE54-9A1E7A4F7556}") = "04. Sum of Chars", "04. Sum of Chars\04. Sum of Chars.csproj", "{C74D2C3B-77AE-4015-B8C8-94DEB6383FCB}"
EndProject
Project("{9A19103F-16F7-4668-BE54-9A1E7A4F7556}") = "05. Print Part Of ASCII Table", "05. Print Part Of ASCII Table\05. Print Part Of ASCII Table.csproj", "{7D5A04CE-9056-4A9C-9B40-A01D75E632FE}"
EndProject
Project("{9A19103F-16F7-4668-BE54-9A1E7A4F7556}") = "06. Triples of Latin Letters", "06. Triples of Latin Letters\06. Triples of Latin Letters.csproj", "{055CE9DD-F171-4827-A760-75037D93EE36}"
EndProject
Project("{9A19103F-16F7-4668-BE54-9A1E7A4F7556}") = "07. Water Overflow", "07. Water Overflow\07. Water Overflow.csproj", "{CF5F16D6-9C3B-4798-A9BB-40BA8B88572A}"
EndProject
Project("{9A19103F-16F7-4668-BE54-9A1E7A4F7556}") = "08. Beer Kegs", "08. Beer Kegs\08. Beer Kegs.csproj", "{85BB75CB-E7BF-46D1-BE59-91C813A6D99A}"
EndProject
Project("{9A19103F-16F7-4668-BE54-9A1E7A4F7556}") = "09. Spice Must Flow", "09. Spice Must Flow\09. Spice Must Flow.csproj", "{C63BB52A-164A-497B-B29D-E3974A8B8475}"
EndProject
Project("{FAE04EC0-301F-11D3-BF4B-00C04F79EFBC}") = "10. Poke Mon", "10. Poke Mon\10. Poke Mon.csproj", "{8DC90653-34F5-4511-A900-1E3BA20F83E5}"
EndProject
Project("{FAE04EC0-301F-11D3-BF4B-00C04F79EFBC}") = "11. Snowballs", "11. Snowballs\11. Snowballs.csproj", "{03D2028B-16A5-4C24-A8E9-FC1DA99D5FBB}"
EndProject
Global
	GlobalSection(SolutionConfigurationPlatforms) = preSolution
		Debug|Any CPU = Debug|Any CPU
		Release|Any CPU = Release|Any CPU
	EndGlobalSection
	GlobalSection(ProjectConfigurationPlatforms) = postSolution
		{24E4B863-D3F1-4496-B7D6-2C0B26A80872}.Debug|Any CPU.ActiveCfg = Debug|Any CPU
		{24E4B863-D3F1-4496-B7D6-2C0B26A80872}.Debug|Any CPU.Build.0 = Debug|Any CPU
		{24E4B863-D3F1-4496-B7D6-2C0B26A80872}.Release|Any CPU.ActiveCfg = Release|Any CPU
		{24E4B863-D3F1-4496-B7D6-2C0B26A80872}.Release|Any CPU.Build.0 = Release|Any CPU
		{74F8E957-B963-40FE-9CA3-2B98BD86B10C}.Debug|Any CPU.ActiveCfg = Debug|Any CPU
		{74F8E957-B963-40FE-9CA3-2B98BD86B10C}.Debug|Any CPU.Build.0 = Debug|Any CPU
		{74F8E957-B963-40FE-9CA3-2B98BD86B10C}.Release|Any CPU.ActiveCfg = Release|Any CPU
		{74F8E957-B963-40FE-9CA3-2B98BD86B10C}.Release|Any CPU.Build.0 = Release|Any CPU
		{AD05B99F-F372-4828-BA95-F6FB938081C6}.Debug|Any CPU.ActiveCfg = Debug|Any CPU
		{AD05B99F-F372-4828-BA95-F6FB938081C6}.Debug|Any CPU.Build.0 = Debug|Any CPU
		{AD05B99F-F372-4828-BA95-F6FB938081C6}.Release|Any CPU.ActiveCfg = Release|Any CPU
		{AD05B99F-F372-4828-BA95-F6FB938081C6}.Release|Any CPU.Build.0 = Release|Any CPU
		{C74D2C3B-77AE-4015-B8C8-94DEB6383FCB}.Debug|Any CPU.ActiveCfg = Debug|Any CPU
		{C74D2C3B-77AE-4015-B8C8-94DEB6383FCB}.Debug|Any CPU.Build.0 = Debug|Any CPU
		{C74D2C3B-77AE-4015-B8C8-94DEB6383FCB}.Release|Any CPU.ActiveCfg = Release|Any CPU
		{C74D2C3B-77AE-4015-B8C8-94DEB6383FCB}.Release|Any CPU.Build.0 = Release|Any CPU
		{7D5A04CE-9056-4A9C-9B40-A01D75E632FE}.Debug|Any CPU.ActiveCfg = Debug|Any CPU
		{7D5A04CE-9056-4A9C-9B40-A01D75E632FE}.Debug|Any CPU.Build.0 = Debug|Any CPU
		{7D5A04CE-9056-4A9C-9B40-A01D75E632FE}.Release|Any CPU.ActiveCfg = Release|Any CPU
		{7D5A04CE-9056-4A9C-9B40-A01D75E632FE}.Release|Any CPU.Build.0 = Release|Any CPU
		{055CE9DD-F171-4827-A760-75037D93EE36}.Debug|Any CPU.ActiveCfg = Debug|Any CPU
		{055CE9DD-F171-4827-A760-75037D93EE36}.Debug|Any CPU.Build.0 = Debug|Any CPU
		{055CE9DD-F171-4827-A760-75037D93EE36}.Release|Any CPU.ActiveCfg = Release|Any CPU
		{055CE9DD-F171-4827-A760-75037D93EE36}.Release|Any CPU.Build.0 = Release|Any CPU
		{CF5F16D6-9C3B-4798-A9BB-40BA8B88572A}.Debug|Any CPU.ActiveCfg = Debug|Any CPU
		{CF5F16D6-9C3B-4798-A9BB-40BA8B88572A}.Debug|Any CPU.Build.0 = Debug|Any CPU
		{CF5F16D6-9C3B-4798-A9BB-40BA8B88572A}.Release|Any CPU.ActiveCfg = Release|Any CPU
		{CF5F16D6-9C3B-4798-A9BB-40BA8B88572A}.Release|Any CPU.Build.0 = Release|Any CPU
		{85BB75CB-E7BF-46D1-BE59-91C813A6D99A}.Debug|Any CPU.ActiveCfg = Debug|Any CPU
		{85BB75CB-E7BF-46D1-BE59-91C813A6D99A}.Debug|Any CPU.Build.0 = Debug|Any CPU
		{85BB75CB-E7BF-46D1-BE59-91C813A6D99A}.Release|Any CPU.ActiveCfg = Release|Any CPU
		{85BB75CB-E7BF-46D1-BE59-91C813A6D99A}.Release|Any CPU.Build.0 = Release|Any CPU
		{C63BB52A-164A-497B-B29D-E3974A8B8475}.Debug|Any CPU.ActiveCfg = Debug|Any CPU
		{C63BB52A-164A-497B-B29D-E3974A8B8475}.Debug|Any CPU.Build.0 = Debug|Any CPU
		{C63BB52A-164A-497B-B29D-E3974A8B8475}.Release|Any CPU.ActiveCfg = Release|Any CPU
		{C63BB52A-164A-497B-B29D-E3974A8B8475}.Release|Any CPU.Build.0 = Release|Any CPU
		{8DC90653-34F5-4511-A900-1E3BA20F83E5}.Debug|Any CPU.ActiveCfg = Debug|Any CPU
		{8DC90653-34F5-4511-A900-1E3BA20F83E5}.Debug|Any CPU.Build.0 = Debug|Any CPU
		{8DC90653-34F5-4511-A900-1E3BA20F83E5}.Release|Any CPU.ActiveCfg = Release|Any CPU
		{8DC90653-34F5-4511-A900-1E3BA20F83E5}.Release|Any CPU.Build.0 = Release|Any CPU
		{03D2028B-16A5-4C24-A8E9-FC1DA99D5FBB}.Debug|Any CPU.ActiveCfg = Debug|Any CPU
		{03D2028B-16A5-4C24-A8E9-FC1DA99D5FBB}.Debug|Any CPU.Build.0 = Debug|Any CPU
		{03D2028B-16A5-4C24-A8E9-FC1DA99D5FBB}.Release|Any CPU.ActiveCfg = Release|Any CPU
		{03D2028B-16A5-4C24-A8E9-FC1DA99D5FBB}.Release|Any CPU.Build.0 = Release|Any CPU
	EndGlobalSection
	GlobalSection(SolutionProperties) = preSolution
		HideSolutionNode = FALSE
	EndGlobalSection
	GlobalSection(ExtensibilityGlobals) = postSolution
		SolutionGuid = {AF04B3C7-DD62-4B9A-A1B1-4DF1E48E82CF}
	EndGlobalSection
EndGlobal
