
Microsoft Visual Studio Solution File, Format Version 12.00
# Visual Studio Version 17
VisualStudioVersion = 17.1.32210.238
MinimumVisualStudioVersion = 10.0.40219.1
Project("{FAE04EC0-301F-11D3-BF4B-00C04F79EFBC}") = "01. Reverse Strings", "Text Processing - Lab\01. Reverse Strings.csproj", "{BF495CE0-8DBB-4D2C-8805-BA953CCE6522}"
EndProject
Project("{FAE04EC0-301F-11D3-BF4B-00C04F79EFBC}") = "02. Repeat Strings", "02. Repeat Strings\02. Repeat Strings.csproj", "{EF7E045C-8902-45AC-8196-80F314016B2F}"
EndProject
Project("{FAE04EC0-301F-11D3-BF4B-00C04F79EFBC}") = "03. Substring", "03. Substring\03. Substring.csproj", "{48AF7171-F725-49C7-A632-FEDAC9C96E8B}"
EndProject
Project("{FAE04EC0-301F-11D3-BF4B-00C04F79EFBC}") = "04. Text Filter", "04. Text Filter\04. Text Filter.csproj", "{3AA6437B-4958-457E-98D3-126FC955D124}"
EndProject
Project("{FAE04EC0-301F-11D3-BF4B-00C04F79EFBC}") = "05. Digits, Letters and Other", "05. Digits, Letters and Other\05. Digits, Letters and Other.csproj", "{927F26B8-486A-4CAC-B296-619AB00D94EE}"
EndProject
Global
	GlobalSection(SolutionConfigurationPlatforms) = preSolution
		Debug|Any CPU = Debug|Any CPU
		Release|Any CPU = Release|Any CPU
	EndGlobalSection
	GlobalSection(ProjectConfigurationPlatforms) = postSolution
		{BF495CE0-8DBB-4D2C-8805-BA953CCE6522}.Debug|Any CPU.ActiveCfg = Debug|Any CPU
		{BF495CE0-8DBB-4D2C-8805-BA953CCE6522}.Debug|Any CPU.Build.0 = Debug|Any CPU
		{BF495CE0-8DBB-4D2C-8805-BA953CCE6522}.Release|Any CPU.ActiveCfg = Release|Any CPU
		{BF495CE0-8DBB-4D2C-8805-BA953CCE6522}.Release|Any CPU.Build.0 = Release|Any CPU
		{EF7E045C-8902-45AC-8196-80F314016B2F}.Debug|Any CPU.ActiveCfg = Debug|Any CPU
		{EF7E045C-8902-45AC-8196-80F314016B2F}.Debug|Any CPU.Build.0 = Debug|Any CPU
		{EF7E045C-8902-45AC-8196-80F314016B2F}.Release|Any CPU.ActiveCfg = Release|Any CPU
		{EF7E045C-8902-45AC-8196-80F314016B2F}.Release|Any CPU.Build.0 = Release|Any CPU
		{48AF7171-F725-49C7-A632-FEDAC9C96E8B}.Debug|Any CPU.ActiveCfg = Debug|Any CPU
		{48AF7171-F725-49C7-A632-FEDAC9C96E8B}.Debug|Any CPU.Build.0 = Debug|Any CPU
		{48AF7171-F725-49C7-A632-FEDAC9C96E8B}.Release|Any CPU.ActiveCfg = Release|Any CPU
		{48AF7171-F725-49C7-A632-FEDAC9C96E8B}.Release|Any CPU.Build.0 = Release|Any CPU
		{3AA6437B-4958-457E-98D3-126FC955D124}.Debug|Any CPU.ActiveCfg = Debug|Any CPU
		{3AA6437B-4958-457E-98D3-126FC955D124}.Debug|Any CPU.Build.0 = Debug|Any CPU
		{3AA6437B-4958-457E-98D3-126FC955D124}.Release|Any CPU.ActiveCfg = Release|Any CPU
		{3AA6437B-4958-457E-98D3-126FC955D124}.Release|Any CPU.Build.0 = Release|Any CPU
		{927F26B8-486A-4CAC-B296-619AB00D94EE}.Debug|Any CPU.ActiveCfg = Debug|Any CPU
		{927F26B8-486A-4CAC-B296-619AB00D94EE}.Debug|Any CPU.Build.0 = Debug|Any CPU
		{927F26B8-486A-4CAC-B296-619AB00D94EE}.Release|Any CPU.ActiveCfg = Release|Any CPU
		{927F26B8-486A-4CAC-B296-619AB00D94EE}.Release|Any CPU.Build.0 = Release|Any CPU
	EndGlobalSection
	GlobalSection(SolutionProperties) = preSolution
		HideSolutionNode = FALSE
	EndGlobalSection
	GlobalSection(ExtensibilityGlobals) = postSolution
		SolutionGuid = {3484747E-1065-470C-871D-E89FBA06BB77}
	EndGlobalSection
EndGlobal
