
Microsoft Visual Studio Solution File, Format Version 12.00
# Visual Studio Version 17
VisualStudioVersion = 17.1.32210.238
MinimumVisualStudioVersion = 10.0.40219.1
Project("{FAE04EC0-301F-11D3-BF4B-00C04F79EFBC}") = "01. Sum Adjacent Equal Numbers", "Lists Lab 3.1\01. Sum Adjacent Equal Numbers.csproj", "{EDA92DE8-08FC-4EB1-B0B3-EB1928D12388}"
EndProject
Project("{FAE04EC0-301F-11D3-BF4B-00C04F79EFBC}") = "02. Gauss' Trick", "02. Gauss' Trick\02. Gauss' Trick.csproj", "{489CB615-8C9E-4AD5-9DE3-5B76F3E58B6F}"
EndProject
Project("{FAE04EC0-301F-11D3-BF4B-00C04F79EFBC}") = "03. Merging Lists", "03. Merging Lists\03. Merging Lists.csproj", "{AE5991B5-4F7B-4EFA-AEBF-E2AA5FC0EABA}"
EndProject
Project("{FAE04EC0-301F-11D3-BF4B-00C04F79EFBC}") = "04. List of Products", "04. List of Products\04. List of Products.csproj", "{673ED7D1-3209-47A7-831A-E85753669EDC}"
EndProject
Project("{FAE04EC0-301F-11D3-BF4B-00C04F79EFBC}") = "05. Remove Negatives and Reverse", "05. Remove Negatives and Reverse\05. Remove Negatives and Reverse.csproj", "{A397AF47-4DC6-49DB-BD4D-B4DF54C4B13B}"
EndProject
Project("{FAE04EC0-301F-11D3-BF4B-00C04F79EFBC}") = "06. List Manipulation Basics", "06. List Manipulation Basics\06. List Manipulation Basics.csproj", "{25016428-7396-4092-80E7-3045C2E248CB}"
EndProject
Global
	GlobalSection(SolutionConfigurationPlatforms) = preSolution
		Debug|Any CPU = Debug|Any CPU
		Release|Any CPU = Release|Any CPU
	EndGlobalSection
	GlobalSection(ProjectConfigurationPlatforms) = postSolution
		{EDA92DE8-08FC-4EB1-B0B3-EB1928D12388}.Debug|Any CPU.ActiveCfg = Debug|Any CPU
		{EDA92DE8-08FC-4EB1-B0B3-EB1928D12388}.Debug|Any CPU.Build.0 = Debug|Any CPU
		{EDA92DE8-08FC-4EB1-B0B3-EB1928D12388}.Release|Any CPU.ActiveCfg = Release|Any CPU
		{EDA92DE8-08FC-4EB1-B0B3-EB1928D12388}.Release|Any CPU.Build.0 = Release|Any CPU
		{489CB615-8C9E-4AD5-9DE3-5B76F3E58B6F}.Debug|Any CPU.ActiveCfg = Debug|Any CPU
		{489CB615-8C9E-4AD5-9DE3-5B76F3E58B6F}.Debug|Any CPU.Build.0 = Debug|Any CPU
		{489CB615-8C9E-4AD5-9DE3-5B76F3E58B6F}.Release|Any CPU.ActiveCfg = Release|Any CPU
		{489CB615-8C9E-4AD5-9DE3-5B76F3E58B6F}.Release|Any CPU.Build.0 = Release|Any CPU
		{AE5991B5-4F7B-4EFA-AEBF-E2AA5FC0EABA}.Debug|Any CPU.ActiveCfg = Debug|Any CPU
		{AE5991B5-4F7B-4EFA-AEBF-E2AA5FC0EABA}.Debug|Any CPU.Build.0 = Debug|Any CPU
		{AE5991B5-4F7B-4EFA-AEBF-E2AA5FC0EABA}.Release|Any CPU.ActiveCfg = Release|Any CPU
		{AE5991B5-4F7B-4EFA-AEBF-E2AA5FC0EABA}.Release|Any CPU.Build.0 = Release|Any CPU
		{673ED7D1-3209-47A7-831A-E85753669EDC}.Debug|Any CPU.ActiveCfg = Debug|Any CPU
		{673ED7D1-3209-47A7-831A-E85753669EDC}.Debug|Any CPU.Build.0 = Debug|Any CPU
		{673ED7D1-3209-47A7-831A-E85753669EDC}.Release|Any CPU.ActiveCfg = Release|Any CPU
		{673ED7D1-3209-47A7-831A-E85753669EDC}.Release|Any CPU.Build.0 = Release|Any CPU
		{A397AF47-4DC6-49DB-BD4D-B4DF54C4B13B}.Debug|Any CPU.ActiveCfg = Debug|Any CPU
		{A397AF47-4DC6-49DB-BD4D-B4DF54C4B13B}.Debug|Any CPU.Build.0 = Debug|Any CPU
		{A397AF47-4DC6-49DB-BD4D-B4DF54C4B13B}.Release|Any CPU.ActiveCfg = Release|Any CPU
		{A397AF47-4DC6-49DB-BD4D-B4DF54C4B13B}.Release|Any CPU.Build.0 = Release|Any CPU
		{25016428-7396-4092-80E7-3045C2E248CB}.Debug|Any CPU.ActiveCfg = Debug|Any CPU
		{25016428-7396-4092-80E7-3045C2E248CB}.Debug|Any CPU.Build.0 = Debug|Any CPU
		{25016428-7396-4092-80E7-3045C2E248CB}.Release|Any CPU.ActiveCfg = Release|Any CPU
		{25016428-7396-4092-80E7-3045C2E248CB}.Release|Any CPU.Build.0 = Release|Any CPU
	EndGlobalSection
	GlobalSection(SolutionProperties) = preSolution
		HideSolutionNode = FALSE
	EndGlobalSection
	GlobalSection(ExtensibilityGlobals) = postSolution
		SolutionGuid = {416655E0-FBA9-47D0-B2AE-1DFFF72965E1}
	EndGlobalSection
EndGlobal
