
Microsoft Visual Studio Solution File, Format Version 12.00
# Visual Studio Version 17
VisualStudioVersion = 17.1.32210.238
MinimumVisualStudioVersion = 10.0.40219.1
Project("{FAE04EC0-301F-11D3-BF4B-00C04F79EFBC}") = "PickAndPlace", "PickAndPlace\PickAndPlace.csproj", "{889AF8F8-F78F-4135-BB3D-1DB41D920C18}"
EndProject
Global
	GlobalSection(SolutionConfigurationPlatforms) = preSolution
		Debug|Any CPU = Debug|Any CPU
		Release|Any CPU = Release|Any CPU
	EndGlobalSection
	GlobalSection(ProjectConfigurationPlatforms) = postSolution
		{889AF8F8-F78F-4135-BB3D-1DB41D920C18}.Debug|Any CPU.ActiveCfg = Debug|Any CPU
		{889AF8F8-F78F-4135-BB3D-1DB41D920C18}.Debug|Any CPU.Build.0 = Debug|Any CPU
		{889AF8F8-F78F-4135-BB3D-1DB41D920C18}.Release|Any CPU.ActiveCfg = Release|Any CPU
		{889AF8F8-F78F-4135-BB3D-1DB41D920C18}.Release|Any CPU.Build.0 = Release|Any CPU
	EndGlobalSection
	GlobalSection(SolutionProperties) = preSolution
		HideSolutionNode = FALSE
	EndGlobalSection
	GlobalSection(ExtensibilityGlobals) = postSolution
		SolutionGuid = {30E09745-29B1-4D78-82A2-3AAFB1561D56}
	EndGlobalSection
EndGlobal
