
Microsoft Visual Studio Solution File, Format Version 12.00
# Visual Studio Version 16
VisualStudioVersion = 16.0.31702.278
MinimumVisualStudioVersion = 10.0.40219.1
Project("{9A19103F-16F7-4668-BE54-9A1E7A4F7556}") = "01. Convert Meters to Kilometers", "Data Types and Variables\01. Convert Meters to Kilometers.csproj", "{08819F59-C082-44FF-AD06-226DF3B60E28}"
EndProject
Project("{9A19103F-16F7-4668-BE54-9A1E7A4F7556}") = "02. Pounds to Dollars", "02. Pounds to Dollars\02. Pounds to Dollars.csproj", "{7886205B-0D0F-41E6-8EF6-1564963AF0C9}"
EndProject
Project("{9A19103F-16F7-4668-BE54-9A1E7A4F7556}") = "03. Exact Sum of Real Numbers", "03. Exact Sum of Real Numbers\03. Exact Sum of Real Numbers.csproj", "{6D91361E-2880-4AEC-9674-560C8893A1CE}"
EndProject
Project("{FAE04EC0-301F-11D3-BF4B-00C04F79EFBC}") = "04. Centuries to Minutes", "04. Centuries to Minutes\04. Centuries to Minutes.csproj", "{D907F25B-D7C2-467D-BD26-D6BD99C50482}"
EndProject
Project("{FAE04EC0-301F-11D3-BF4B-00C04F79EFBC}") = "05. Special Numbers", "05. Special Numbers\05. Special Numbers.csproj", "{5587C9C1-CB3F-4F3D-BF64-A52DC20ACEF9}"
EndProject
Project("{FAE04EC0-301F-11D3-BF4B-00C04F79EFBC}") = "06. Reversed Chars", "06. Reversed Chars\06. Reversed Chars.csproj", "{CEF93063-3B1C-482F-B0AC-13EC6C9913BF}"
EndProject
Project("{FAE04EC0-301F-11D3-BF4B-00C04F79EFBC}") = "07. Concat Names", "07. Concat Names\07. Concat Names.csproj", "{B307AC27-211A-4FB3-9E9C-C443F3D1EE51}"
EndProject
Project("{FAE04EC0-301F-11D3-BF4B-00C04F79EFBC}") = "08. Town Info", "08. Town Info\08. Town Info.csproj", "{8E9772C1-3D85-4431-98F6-319133017AB4}"
EndProject
Project("{FAE04EC0-301F-11D3-BF4B-00C04F79EFBC}") = "09. Chars to String", "09. Chars to String\09. Chars to String.csproj", "{8756F125-4C53-4D6F-ABD7-F3CDEA9B963E}"
EndProject
Project("{FAE04EC0-301F-11D3-BF4B-00C04F79EFBC}") = "10. Lower or Upper", "10. Lower or Upper\10. Lower or Upper.csproj", "{7591108F-8A6D-41F4-BD2F-ECFA8902389A}"
EndProject
Project("{FAE04EC0-301F-11D3-BF4B-00C04F79EFBC}") = "11. Refactor Volume of Pyramid", "11. Refactor Volume of Pyramid\11. Refactor Volume of Pyramid.csproj", "{7521B27D-2A97-40E1-A570-079AC5469E4C}"
EndProject
Project("{FAE04EC0-301F-11D3-BF4B-00C04F79EFBC}") = "12. Refactor Special Numbers", "12. Refactor Special Numbers\12. Refactor Special Numbers.csproj", "{27E72EEB-8471-45AE-8F40-D13DCA17C3DF}"
EndProject
Global
	GlobalSection(SolutionConfigurationPlatforms) = preSolution
		Debug|Any CPU = Debug|Any CPU
		Release|Any CPU = Release|Any CPU
	EndGlobalSection
	GlobalSection(ProjectConfigurationPlatforms) = postSolution
		{08819F59-C082-44FF-AD06-226DF3B60E28}.Debug|Any CPU.ActiveCfg = Debug|Any CPU
		{08819F59-C082-44FF-AD06-226DF3B60E28}.Debug|Any CPU.Build.0 = Debug|Any CPU
		{08819F59-C082-44FF-AD06-226DF3B60E28}.Release|Any CPU.ActiveCfg = Release|Any CPU
		{08819F59-C082-44FF-AD06-226DF3B60E28}.Release|Any CPU.Build.0 = Release|Any CPU
		{7886205B-0D0F-41E6-8EF6-1564963AF0C9}.Debug|Any CPU.ActiveCfg = Debug|Any CPU
		{7886205B-0D0F-41E6-8EF6-1564963AF0C9}.Debug|Any CPU.Build.0 = Debug|Any CPU
		{7886205B-0D0F-41E6-8EF6-1564963AF0C9}.Release|Any CPU.ActiveCfg = Release|Any CPU
		{7886205B-0D0F-41E6-8EF6-1564963AF0C9}.Release|Any CPU.Build.0 = Release|Any CPU
		{6D91361E-2880-4AEC-9674-560C8893A1CE}.Debug|Any CPU.ActiveCfg = Debug|Any CPU
		{6D91361E-2880-4AEC-9674-560C8893A1CE}.Debug|Any CPU.Build.0 = Debug|Any CPU
		{6D91361E-2880-4AEC-9674-560C8893A1CE}.Release|Any CPU.ActiveCfg = Release|Any CPU
		{6D91361E-2880-4AEC-9674-560C8893A1CE}.Release|Any CPU.Build.0 = Release|Any CPU
		{D907F25B-D7C2-467D-BD26-D6BD99C50482}.Debug|Any CPU.ActiveCfg = Debug|Any CPU
		{D907F25B-D7C2-467D-BD26-D6BD99C50482}.Debug|Any CPU.Build.0 = Debug|Any CPU
		{D907F25B-D7C2-467D-BD26-D6BD99C50482}.Release|Any CPU.ActiveCfg = Release|Any CPU
		{D907F25B-D7C2-467D-BD26-D6BD99C50482}.Release|Any CPU.Build.0 = Release|Any CPU
		{5587C9C1-CB3F-4F3D-BF64-A52DC20ACEF9}.Debug|Any CPU.ActiveCfg = Debug|Any CPU
		{5587C9C1-CB3F-4F3D-BF64-A52DC20ACEF9}.Debug|Any CPU.Build.0 = Debug|Any CPU
		{5587C9C1-CB3F-4F3D-BF64-A52DC20ACEF9}.Release|Any CPU.ActiveCfg = Release|Any CPU
		{5587C9C1-CB3F-4F3D-BF64-A52DC20ACEF9}.Release|Any CPU.Build.0 = Release|Any CPU
		{CEF93063-3B1C-482F-B0AC-13EC6C9913BF}.Debug|Any CPU.ActiveCfg = Debug|Any CPU
		{CEF93063-3B1C-482F-B0AC-13EC6C9913BF}.Debug|Any CPU.Build.0 = Debug|Any CPU
		{CEF93063-3B1C-482F-B0AC-13EC6C9913BF}.Release|Any CPU.ActiveCfg = Release|Any CPU
		{CEF93063-3B1C-482F-B0AC-13EC6C9913BF}.Release|Any CPU.Build.0 = Release|Any CPU
		{B307AC27-211A-4FB3-9E9C-C443F3D1EE51}.Debug|Any CPU.ActiveCfg = Debug|Any CPU
		{B307AC27-211A-4FB3-9E9C-C443F3D1EE51}.Debug|Any CPU.Build.0 = Debug|Any CPU
		{B307AC27-211A-4FB3-9E9C-C443F3D1EE51}.Release|Any CPU.ActiveCfg = Release|Any CPU
		{B307AC27-211A-4FB3-9E9C-C443F3D1EE51}.Release|Any CPU.Build.0 = Release|Any CPU
		{8E9772C1-3D85-4431-98F6-319133017AB4}.Debug|Any CPU.ActiveCfg = Debug|Any CPU
		{8E9772C1-3D85-4431-98F6-319133017AB4}.Debug|Any CPU.Build.0 = Debug|Any CPU
		{8E9772C1-3D85-4431-98F6-319133017AB4}.Release|Any CPU.ActiveCfg = Release|Any CPU
		{8E9772C1-3D85-4431-98F6-319133017AB4}.Release|Any CPU.Build.0 = Release|Any CPU
		{8756F125-4C53-4D6F-ABD7-F3CDEA9B963E}.Debug|Any CPU.ActiveCfg = Debug|Any CPU
		{8756F125-4C53-4D6F-ABD7-F3CDEA9B963E}.Debug|Any CPU.Build.0 = Debug|Any CPU
		{8756F125-4C53-4D6F-ABD7-F3CDEA9B963E}.Release|Any CPU.ActiveCfg = Release|Any CPU
		{8756F125-4C53-4D6F-ABD7-F3CDEA9B963E}.Release|Any CPU.Build.0 = Release|Any CPU
		{7591108F-8A6D-41F4-BD2F-ECFA8902389A}.Debug|Any CPU.ActiveCfg = Debug|Any CPU
		{7591108F-8A6D-41F4-BD2F-ECFA8902389A}.Debug|Any CPU.Build.0 = Debug|Any CPU
		{7591108F-8A6D-41F4-BD2F-ECFA8902389A}.Release|Any CPU.ActiveCfg = Release|Any CPU
		{7591108F-8A6D-41F4-BD2F-ECFA8902389A}.Release|Any CPU.Build.0 = Release|Any CPU
		{7521B27D-2A97-40E1-A570-079AC5469E4C}.Debug|Any CPU.ActiveCfg = Debug|Any CPU
		{7521B27D-2A97-40E1-A570-079AC5469E4C}.Debug|Any CPU.Build.0 = Debug|Any CPU
		{7521B27D-2A97-40E1-A570-079AC5469E4C}.Release|Any CPU.ActiveCfg = Release|Any CPU
		{7521B27D-2A97-40E1-A570-079AC5469E4C}.Release|Any CPU.Build.0 = Release|Any CPU
		{27E72EEB-8471-45AE-8F40-D13DCA17C3DF}.Debug|Any CPU.ActiveCfg = Debug|Any CPU
		{27E72EEB-8471-45AE-8F40-D13DCA17C3DF}.Debug|Any CPU.Build.0 = Debug|Any CPU
		{27E72EEB-8471-45AE-8F40-D13DCA17C3DF}.Release|Any CPU.ActiveCfg = Release|Any CPU
		{27E72EEB-8471-45AE-8F40-D13DCA17C3DF}.Release|Any CPU.Build.0 = Release|Any CPU
	EndGlobalSection
	GlobalSection(SolutionProperties) = preSolution
		HideSolutionNode = FALSE
	EndGlobalSection
	GlobalSection(ExtensibilityGlobals) = postSolution
		SolutionGuid = {C016F929-726A-4C99-938A-D4A90D18EAF6}
	EndGlobalSection
EndGlobal
