
Microsoft Visual Studio Solution File, Format Version 12.00
# Visual Studio Version 17
VisualStudioVersion = 17.1.32210.238
MinimumVisualStudioVersion = 10.0.40219.1
Project("{FAE04EC0-301F-11D3-BF4B-00C04F79EFBC}") = "Generics - Exercise", "Generics - Exercise\Generics - Exercise.csproj", "{77E2AAA0-6F7F-4686-965C-E914C6ACEED3}"
EndProject
Global
	GlobalSection(SolutionConfigurationPlatforms) = preSolution
		Debug|Any CPU = Debug|Any CPU
		Release|Any CPU = Release|Any CPU
	EndGlobalSection
	GlobalSection(ProjectConfigurationPlatforms) = postSolution
		{77E2AAA0-6F7F-4686-965C-E914C6ACEED3}.Debug|Any CPU.ActiveCfg = Debug|Any CPU
		{77E2AAA0-6F7F-4686-965C-E914C6ACEED3}.Debug|Any CPU.Build.0 = Debug|Any CPU
		{77E2AAA0-6F7F-4686-965C-E914C6ACEED3}.Release|Any CPU.ActiveCfg = Release|Any CPU
		{77E2AAA0-6F7F-4686-965C-E914C6ACEED3}.Release|Any CPU.Build.0 = Release|Any CPU
	EndGlobalSection
	GlobalSection(SolutionProperties) = preSolution
		HideSolutionNode = FALSE
	EndGlobalSection
	GlobalSection(ExtensibilityGlobals) = postSolution
		SolutionGuid = {59CB9493-F2C4-4403-8545-6EC5D27A308B}
	EndGlobalSection
EndGlobal
