
Microsoft Visual Studio Solution File, Format Version 12.00
# Visual Studio Version 16
VisualStudioVersion = 16.0.31702.278
MinimumVisualStudioVersion = 10.0.40219.1
Project("{9A19103F-16F7-4668-BE54-9A1E7A4F7556}") = "01. Smallest of Three Numbers", "Methods - Exercise\01. Smallest of Three Numbers.csproj", "{FF2DC46C-D227-408B-A305-D191EE97EB30}"
EndProject
Project("{9A19103F-16F7-4668-BE54-9A1E7A4F7556}") = "02. Vowels Count", "02. Vowels Count\02. Vowels Count.csproj", "{213B670D-C290-4F0B-95AC-D52EF7A07915}"
EndProject
Project("{9A19103F-16F7-4668-BE54-9A1E7A4F7556}") = "03. Characters in Range", "03. Characters in Range\03. Characters in Range.csproj", "{B27E3BBC-9B16-4B9A-A1A9-805C98194E59}"
EndProject
Project("{9A19103F-16F7-4668-BE54-9A1E7A4F7556}") = "04. Password Validator", "04. Password Validator\04. Password Validator.csproj", "{9A9D4603-1945-419A-BD44-D96313542438}"
EndProject
Project("{FAE04EC0-301F-11D3-BF4B-00C04F79EFBC}") = "05. Add and Subtract", "05. Add and Subtract\05. Add and Subtract.csproj", "{2B91CE32-D21A-4839-A043-848A970B9218}"
EndProject
Project("{FAE04EC0-301F-11D3-BF4B-00C04F79EFBC}") = "06. Middle Characters", "06. Middle Characters\06. Middle Characters.csproj", "{66E17B7B-B8CB-443F-86A2-7DA1400F7830}"
EndProject
Project("{FAE04EC0-301F-11D3-BF4B-00C04F79EFBC}") = "07. NxN Matrix", "07. NxN Matrix\07. NxN Matrix.csproj", "{96001E3E-AB1E-4DE3-926C-49409F2D3994}"
EndProject
Project("{FAE04EC0-301F-11D3-BF4B-00C04F79EFBC}") = "08. Factorial Division", "08. Factorial Division\08. Factorial Division.csproj", "{D67AB765-17B4-4A70-AE8A-1FEB9283F0C6}"
EndProject
Project("{FAE04EC0-301F-11D3-BF4B-00C04F79EFBC}") = "09. Palindrome Integers", "09. Palindrome Integers\09. Palindrome Integers.csproj", "{C6082F81-C8AC-4F99-9353-E47353C690E0}"
EndProject
Project("{FAE04EC0-301F-11D3-BF4B-00C04F79EFBC}") = "10. Top Number", "10. Top Number\10. Top Number.csproj", "{005BDA9E-BFEE-493C-9F75-A53ED2066E82}"
EndProject
Global
	GlobalSection(SolutionConfigurationPlatforms) = preSolution
		Debug|Any CPU = Debug|Any CPU
		Release|Any CPU = Release|Any CPU
	EndGlobalSection
	GlobalSection(ProjectConfigurationPlatforms) = postSolution
		{FF2DC46C-D227-408B-A305-D191EE97EB30}.Debug|Any CPU.ActiveCfg = Debug|Any CPU
		{FF2DC46C-D227-408B-A305-D191EE97EB30}.Debug|Any CPU.Build.0 = Debug|Any CPU
		{FF2DC46C-D227-408B-A305-D191EE97EB30}.Release|Any CPU.ActiveCfg = Release|Any CPU
		{FF2DC46C-D227-408B-A305-D191EE97EB30}.Release|Any CPU.Build.0 = Release|Any CPU
		{213B670D-C290-4F0B-95AC-D52EF7A07915}.Debug|Any CPU.ActiveCfg = Debug|Any CPU
		{213B670D-C290-4F0B-95AC-D52EF7A07915}.Debug|Any CPU.Build.0 = Debug|Any CPU
		{213B670D-C290-4F0B-95AC-D52EF7A07915}.Release|Any CPU.ActiveCfg = Release|Any CPU
		{213B670D-C290-4F0B-95AC-D52EF7A07915}.Release|Any CPU.Build.0 = Release|Any CPU
		{B27E3BBC-9B16-4B9A-A1A9-805C98194E59}.Debug|Any CPU.ActiveCfg = Debug|Any CPU
		{B27E3BBC-9B16-4B9A-A1A9-805C98194E59}.Debug|Any CPU.Build.0 = Debug|Any CPU
		{B27E3BBC-9B16-4B9A-A1A9-805C98194E59}.Release|Any CPU.ActiveCfg = Release|Any CPU
		{B27E3BBC-9B16-4B9A-A1A9-805C98194E59}.Release|Any CPU.Build.0 = Release|Any CPU
		{9A9D4603-1945-419A-BD44-D96313542438}.Debug|Any CPU.ActiveCfg = Debug|Any CPU
		{9A9D4603-1945-419A-BD44-D96313542438}.Debug|Any CPU.Build.0 = Debug|Any CPU
		{9A9D4603-1945-419A-BD44-D96313542438}.Release|Any CPU.ActiveCfg = Release|Any CPU
		{9A9D4603-1945-419A-BD44-D96313542438}.Release|Any CPU.Build.0 = Release|Any CPU
		{2B91CE32-D21A-4839-A043-848A970B9218}.Debug|Any CPU.ActiveCfg = Debug|Any CPU
		{2B91CE32-D21A-4839-A043-848A970B9218}.Debug|Any CPU.Build.0 = Debug|Any CPU
		{2B91CE32-D21A-4839-A043-848A970B9218}.Release|Any CPU.ActiveCfg = Release|Any CPU
		{2B91CE32-D21A-4839-A043-848A970B9218}.Release|Any CPU.Build.0 = Release|Any CPU
		{66E17B7B-B8CB-443F-86A2-7DA1400F7830}.Debug|Any CPU.ActiveCfg = Debug|Any CPU
		{66E17B7B-B8CB-443F-86A2-7DA1400F7830}.Debug|Any CPU.Build.0 = Debug|Any CPU
		{66E17B7B-B8CB-443F-86A2-7DA1400F7830}.Release|Any CPU.ActiveCfg = Release|Any CPU
		{66E17B7B-B8CB-443F-86A2-7DA1400F7830}.Release|Any CPU.Build.0 = Release|Any CPU
		{96001E3E-AB1E-4DE3-926C-49409F2D3994}.Debug|Any CPU.ActiveCfg = Debug|Any CPU
		{96001E3E-AB1E-4DE3-926C-49409F2D3994}.Debug|Any CPU.Build.0 = Debug|Any CPU
		{96001E3E-AB1E-4DE3-926C-49409F2D3994}.Release|Any CPU.ActiveCfg = Release|Any CPU
		{96001E3E-AB1E-4DE3-926C-49409F2D3994}.Release|Any CPU.Build.0 = Release|Any CPU
		{D67AB765-17B4-4A70-AE8A-1FEB9283F0C6}.Debug|Any CPU.ActiveCfg = Debug|Any CPU
		{D67AB765-17B4-4A70-AE8A-1FEB9283F0C6}.Debug|Any CPU.Build.0 = Debug|Any CPU
		{D67AB765-17B4-4A70-AE8A-1FEB9283F0C6}.Release|Any CPU.ActiveCfg = Release|Any CPU
		{D67AB765-17B4-4A70-AE8A-1FEB9283F0C6}.Release|Any CPU.Build.0 = Release|Any CPU
		{C6082F81-C8AC-4F99-9353-E47353C690E0}.Debug|Any CPU.ActiveCfg = Debug|Any CPU
		{C6082F81-C8AC-4F99-9353-E47353C690E0}.Debug|Any CPU.Build.0 = Debug|Any CPU
		{C6082F81-C8AC-4F99-9353-E47353C690E0}.Release|Any CPU.ActiveCfg = Release|Any CPU
		{C6082F81-C8AC-4F99-9353-E47353C690E0}.Release|Any CPU.Build.0 = Release|Any CPU
		{005BDA9E-BFEE-493C-9F75-A53ED2066E82}.Debug|Any CPU.ActiveCfg = Debug|Any CPU
		{005BDA9E-BFEE-493C-9F75-A53ED2066E82}.Debug|Any CPU.Build.0 = Debug|Any CPU
		{005BDA9E-BFEE-493C-9F75-A53ED2066E82}.Release|Any CPU.ActiveCfg = Release|Any CPU
		{005BDA9E-BFEE-493C-9F75-A53ED2066E82}.Release|Any CPU.Build.0 = Release|Any CPU
	EndGlobalSection
	GlobalSection(SolutionProperties) = preSolution
		HideSolutionNode = FALSE
	EndGlobalSection
	GlobalSection(ExtensibilityGlobals) = postSolution
		SolutionGuid = {45D2D05A-D7AD-45D5-A13C-D49B9AC684BC}
	EndGlobalSection
EndGlobal
