
Microsoft Visual Studio Solution File, Format Version 12.00
# Visual Studio Version 17
VisualStudioVersion = 17.1.32210.238
MinimumVisualStudioVersion = 10.0.40219.1
Project("{9A19103F-16F7-4668-BE54-9A1E7A4F7556}") = "01. Train", "List Excercise\01. Train.csproj", "{F8A7C173-504B-4158-8996-055064C9D194}"
EndProject
Project("{9A19103F-16F7-4668-BE54-9A1E7A4F7556}") = "03. House Party", "03. House Party\03. House Party.csproj", "{33B245A8-B623-4D5C-B7E8-7FC3629620FC}"
EndProject
Project("{9A19103F-16F7-4668-BE54-9A1E7A4F7556}") = "04. List Operations", "04. List Operations\04. List Operations.csproj", "{8AAD2ED7-7F03-47A2-ABAA-8F08D3BB0DAD}"
EndProject
Project("{9A19103F-16F7-4668-BE54-9A1E7A4F7556}") = "05. Bomb Numbers", "05. Bomb Numbers\05. Bomb Numbers.csproj", "{0A30C854-5E77-427D-A304-4F06A24A6099}"
EndProject
Project("{9A19103F-16F7-4668-BE54-9A1E7A4F7556}") = "08. Anonymous Threat", "08. Anonymous Threat\08. Anonymous Threat.csproj", "{475E544E-FA25-49F1-A59C-ED2D0D3B981A}"
EndProject
Project("{9A19103F-16F7-4668-BE54-9A1E7A4F7556}") = "09. Pokemon Don't Go", "09. Pokemon Don't Go\09. Pokemon Don't Go.csproj", "{431C912D-934B-4E2D-B086-F0CF4D79BD7A}"
EndProject
Project("{9A19103F-16F7-4668-BE54-9A1E7A4F7556}") = "02. Change List", "02. Change List\02. Change List.csproj", "{209A7FFA-E246-4C10-83D3-B1E4802C6D47}"
EndProject
Project("{9A19103F-16F7-4668-BE54-9A1E7A4F7556}") = "06. Cards Game", "06. Cards Game\06. Cards Game.csproj", "{6DA248E4-2A55-41F9-AB9E-A50B7ED820F5}"
EndProject
Project("{FAE04EC0-301F-11D3-BF4B-00C04F79EFBC}") = "07. Append Arrays", "07. Append Arrays\07. Append Arrays.csproj", "{B2360038-2722-4CD0-A0A0-6392982C22FF}"
EndProject
Global
	GlobalSection(SolutionConfigurationPlatforms) = preSolution
		Debug|Any CPU = Debug|Any CPU
		Release|Any CPU = Release|Any CPU
	EndGlobalSection
	GlobalSection(ProjectConfigurationPlatforms) = postSolution
		{F8A7C173-504B-4158-8996-055064C9D194}.Debug|Any CPU.ActiveCfg = Debug|Any CPU
		{F8A7C173-504B-4158-8996-055064C9D194}.Debug|Any CPU.Build.0 = Debug|Any CPU
		{F8A7C173-504B-4158-8996-055064C9D194}.Release|Any CPU.ActiveCfg = Release|Any CPU
		{F8A7C173-504B-4158-8996-055064C9D194}.Release|Any CPU.Build.0 = Release|Any CPU
		{33B245A8-B623-4D5C-B7E8-7FC3629620FC}.Debug|Any CPU.ActiveCfg = Debug|Any CPU
		{33B245A8-B623-4D5C-B7E8-7FC3629620FC}.Debug|Any CPU.Build.0 = Debug|Any CPU
		{33B245A8-B623-4D5C-B7E8-7FC3629620FC}.Release|Any CPU.ActiveCfg = Release|Any CPU
		{33B245A8-B623-4D5C-B7E8-7FC3629620FC}.Release|Any CPU.Build.0 = Release|Any CPU
		{8AAD2ED7-7F03-47A2-ABAA-8F08D3BB0DAD}.Debug|Any CPU.ActiveCfg = Debug|Any CPU
		{8AAD2ED7-7F03-47A2-ABAA-8F08D3BB0DAD}.Debug|Any CPU.Build.0 = Debug|Any CPU
		{8AAD2ED7-7F03-47A2-ABAA-8F08D3BB0DAD}.Release|Any CPU.ActiveCfg = Release|Any CPU
		{8AAD2ED7-7F03-47A2-ABAA-8F08D3BB0DAD}.Release|Any CPU.Build.0 = Release|Any CPU
		{0A30C854-5E77-427D-A304-4F06A24A6099}.Debug|Any CPU.ActiveCfg = Debug|Any CPU
		{0A30C854-5E77-427D-A304-4F06A24A6099}.Debug|Any CPU.Build.0 = Debug|Any CPU
		{0A30C854-5E77-427D-A304-4F06A24A6099}.Release|Any CPU.ActiveCfg = Release|Any CPU
		{0A30C854-5E77-427D-A304-4F06A24A6099}.Release|Any CPU.Build.0 = Release|Any CPU
		{475E544E-FA25-49F1-A59C-ED2D0D3B981A}.Debug|Any CPU.ActiveCfg = Debug|Any CPU
		{475E544E-FA25-49F1-A59C-ED2D0D3B981A}.Debug|Any CPU.Build.0 = Debug|Any CPU
		{475E544E-FA25-49F1-A59C-ED2D0D3B981A}.Release|Any CPU.ActiveCfg = Release|Any CPU
		{475E544E-FA25-49F1-A59C-ED2D0D3B981A}.Release|Any CPU.Build.0 = Release|Any CPU
		{431C912D-934B-4E2D-B086-F0CF4D79BD7A}.Debug|Any CPU.ActiveCfg = Debug|Any CPU
		{431C912D-934B-4E2D-B086-F0CF4D79BD7A}.Debug|Any CPU.Build.0 = Debug|Any CPU
		{431C912D-934B-4E2D-B086-F0CF4D79BD7A}.Release|Any CPU.ActiveCfg = Release|Any CPU
		{431C912D-934B-4E2D-B086-F0CF4D79BD7A}.Release|Any CPU.Build.0 = Release|Any CPU
		{209A7FFA-E246-4C10-83D3-B1E4802C6D47}.Debug|Any CPU.ActiveCfg = Debug|Any CPU
		{209A7FFA-E246-4C10-83D3-B1E4802C6D47}.Debug|Any CPU.Build.0 = Debug|Any CPU
		{209A7FFA-E246-4C10-83D3-B1E4802C6D47}.Release|Any CPU.ActiveCfg = Release|Any CPU
		{209A7FFA-E246-4C10-83D3-B1E4802C6D47}.Release|Any CPU.Build.0 = Release|Any CPU
		{6DA248E4-2A55-41F9-AB9E-A50B7ED820F5}.Debug|Any CPU.ActiveCfg = Debug|Any CPU
		{6DA248E4-2A55-41F9-AB9E-A50B7ED820F5}.Debug|Any CPU.Build.0 = Debug|Any CPU
		{6DA248E4-2A55-41F9-AB9E-A50B7ED820F5}.Release|Any CPU.ActiveCfg = Release|Any CPU
		{6DA248E4-2A55-41F9-AB9E-A50B7ED820F5}.Release|Any CPU.Build.0 = Release|Any CPU
		{B2360038-2722-4CD0-A0A0-6392982C22FF}.Debug|Any CPU.ActiveCfg = Debug|Any CPU
		{B2360038-2722-4CD0-A0A0-6392982C22FF}.Debug|Any CPU.Build.0 = Debug|Any CPU
		{B2360038-2722-4CD0-A0A0-6392982C22FF}.Release|Any CPU.ActiveCfg = Release|Any CPU
		{B2360038-2722-4CD0-A0A0-6392982C22FF}.Release|Any CPU.Build.0 = Release|Any CPU
	EndGlobalSection
	GlobalSection(SolutionProperties) = preSolution
		HideSolutionNode = FALSE
	EndGlobalSection
	GlobalSection(ExtensibilityGlobals) = postSolution
		SolutionGuid = {E9C5A8EF-51A2-43E4-85CA-3B7EEE191049}
	EndGlobalSection
EndGlobal
