
Microsoft Visual Studio Solution File, Format Version 12.00
# Visual Studio Version 17
VisualStudioVersion = 17.1.32210.238
MinimumVisualStudioVersion = 10.0.40219.1
Project("{FAE04EC0-301F-11D3-BF4B-00C04F79EFBC}") = "01. Advertisement Message", "Objects and Classes - Exercise\01. Advertisement Message.csproj", "{EA19A910-B7FB-4937-B20B-326BF2051815}"
EndProject
Project("{FAE04EC0-301F-11D3-BF4B-00C04F79EFBC}") = "02. Articles", "02. Articles\02. Articles.csproj", "{B5F8BA3C-1FE6-4CA5-85FF-EEE18326F9F6}"
EndProject
Project("{FAE04EC0-301F-11D3-BF4B-00C04F79EFBC}") = "03. Articles 2.0", "03. Articles 2.0\03. Articles 2.0.csproj", "{C9235C2F-27F2-45DB-B238-0A7B608E5846}"
EndProject
Project("{FAE04EC0-301F-11D3-BF4B-00C04F79EFBC}") = "04. Students", "04. Students\04. Students.csproj", "{D085E8AF-AEEC-4CD4-AEB1-6EC2DD1CD78E}"
EndProject
Project("{FAE04EC0-301F-11D3-BF4B-00C04F79EFBC}") = "05. Teamwork Projects", "05. Teamwork Projects\05. Teamwork Projects.csproj", "{39037EC4-8BA4-402C-9860-AAE5F07DF187}"
EndProject
Project("{FAE04EC0-301F-11D3-BF4B-00C04F79EFBC}") = "06. Vehicle Catalogue", "06. Vehicle Catalogue\06. Vehicle Catalogue.csproj", "{8DCC5C01-5103-4BBF-9A45-3EC668729405}"
EndProject
Project("{FAE04EC0-301F-11D3-BF4B-00C04F79EFBC}") = "07. Order by Age", "07. Order by Age\07. Order by Age.csproj", "{338F5291-0DFD-4CE2-B850-60BBF3B15662}"
EndProject
Global
	GlobalSection(SolutionConfigurationPlatforms) = preSolution
		Debug|Any CPU = Debug|Any CPU
		Release|Any CPU = Release|Any CPU
	EndGlobalSection
	GlobalSection(ProjectConfigurationPlatforms) = postSolution
		{EA19A910-B7FB-4937-B20B-326BF2051815}.Debug|Any CPU.ActiveCfg = Debug|Any CPU
		{EA19A910-B7FB-4937-B20B-326BF2051815}.Debug|Any CPU.Build.0 = Debug|Any CPU
		{EA19A910-B7FB-4937-B20B-326BF2051815}.Release|Any CPU.ActiveCfg = Release|Any CPU
		{EA19A910-B7FB-4937-B20B-326BF2051815}.Release|Any CPU.Build.0 = Release|Any CPU
		{B5F8BA3C-1FE6-4CA5-85FF-EEE18326F9F6}.Debug|Any CPU.ActiveCfg = Debug|Any CPU
		{B5F8BA3C-1FE6-4CA5-85FF-EEE18326F9F6}.Debug|Any CPU.Build.0 = Debug|Any CPU
		{B5F8BA3C-1FE6-4CA5-85FF-EEE18326F9F6}.Release|Any CPU.ActiveCfg = Release|Any CPU
		{B5F8BA3C-1FE6-4CA5-85FF-EEE18326F9F6}.Release|Any CPU.Build.0 = Release|Any CPU
		{C9235C2F-27F2-45DB-B238-0A7B608E5846}.Debug|Any CPU.ActiveCfg = Debug|Any CPU
		{C9235C2F-27F2-45DB-B238-0A7B608E5846}.Debug|Any CPU.Build.0 = Debug|Any CPU
		{C9235C2F-27F2-45DB-B238-0A7B608E5846}.Release|Any CPU.ActiveCfg = Release|Any CPU
		{C9235C2F-27F2-45DB-B238-0A7B608E5846}.Release|Any CPU.Build.0 = Release|Any CPU
		{D085E8AF-AEEC-4CD4-AEB1-6EC2DD1CD78E}.Debug|Any CPU.ActiveCfg = Debug|Any CPU
		{D085E8AF-AEEC-4CD4-AEB1-6EC2DD1CD78E}.Debug|Any CPU.Build.0 = Debug|Any CPU
		{D085E8AF-AEEC-4CD4-AEB1-6EC2DD1CD78E}.Release|Any CPU.ActiveCfg = Release|Any CPU
		{D085E8AF-AEEC-4CD4-AEB1-6EC2DD1CD78E}.Release|Any CPU.Build.0 = Release|Any CPU
		{39037EC4-8BA4-402C-9860-AAE5F07DF187}.Debug|Any CPU.ActiveCfg = Debug|Any CPU
		{39037EC4-8BA4-402C-9860-AAE5F07DF187}.Debug|Any CPU.Build.0 = Debug|Any CPU
		{39037EC4-8BA4-402C-9860-AAE5F07DF187}.Release|Any CPU.ActiveCfg = Release|Any CPU
		{39037EC4-8BA4-402C-9860-AAE5F07DF187}.Release|Any CPU.Build.0 = Release|Any CPU
		{8DCC5C01-5103-4BBF-9A45-3EC668729405}.Debug|Any CPU.ActiveCfg = Debug|Any CPU
		{8DCC5C01-5103-4BBF-9A45-3EC668729405}.Debug|Any CPU.Build.0 = Debug|Any CPU
		{8DCC5C01-5103-4BBF-9A45-3EC668729405}.Release|Any CPU.ActiveCfg = Release|Any CPU
		{8DCC5C01-5103-4BBF-9A45-3EC668729405}.Release|Any CPU.Build.0 = Release|Any CPU
		{338F5291-0DFD-4CE2-B850-60BBF3B15662}.Debug|Any CPU.ActiveCfg = Debug|Any CPU
		{338F5291-0DFD-4CE2-B850-60BBF3B15662}.Debug|Any CPU.Build.0 = Debug|Any CPU
		{338F5291-0DFD-4CE2-B850-60BBF3B15662}.Release|Any CPU.ActiveCfg = Release|Any CPU
		{338F5291-0DFD-4CE2-B850-60BBF3B15662}.Release|Any CPU.Build.0 = Release|Any CPU
	EndGlobalSection
	GlobalSection(SolutionProperties) = preSolution
		HideSolutionNode = FALSE
	EndGlobalSection
	GlobalSection(ExtensibilityGlobals) = postSolution
		SolutionGuid = {616A1AD5-206E-47A7-8794-6B8DADDC8613}
	EndGlobalSection
EndGlobal
