
Microsoft Visual Studio Solution File, Format Version 12.00
# Visual Studio Version 16
VisualStudioVersion = 16.0.31702.278
MinimumVisualStudioVersion = 10.0.40219.1
Project("{FAE04EC0-301F-11D3-BF4B-00C04F79EFBC}") = "15.12.22.exercise", "15.12.22.exercise\15.12.22.exercise.csproj", "{E6A3D4BA-B924-4261-AC00-BD2146F1BDCC}"
EndProject
Project("{FAE04EC0-301F-11D3-BF4B-00C04F79EFBC}") = "division", "division\division.csproj", "{86040935-1628-448A-87D2-686DAF70D00E}"
EndProject
Project("{FAE04EC0-301F-11D3-BF4B-00C04F79EFBC}") = "Vacation", "Vacation\Vacation.csproj", "{441B0662-08B2-4ABA-B297-C5DEF2A45F4D}"
EndProject
Project("{FAE04EC0-301F-11D3-BF4B-00C04F79EFBC}") = "Print and Sum", "Print and Sum\Print and Sum.csproj", "{46AE295C-E7B4-4E67-8C46-B9AD3AFE6E85}"
EndProject
Project("{FAE04EC0-301F-11D3-BF4B-00C04F79EFBC}") = "Login", "Login\Login.csproj", "{335B5356-2729-4E9E-AA72-EE40C7A6AC3D}"
EndProject
Project("{FAE04EC0-301F-11D3-BF4B-00C04F79EFBC}") = "Strong Number", "Strong Number\Strong Number.csproj", "{864673D7-AA4A-41EE-937E-D0900847C175}"
EndProject
Project("{FAE04EC0-301F-11D3-BF4B-00C04F79EFBC}") = "07. Vending Machine", "07. Vending Machine\07. Vending Machine.csproj", "{7A3D8925-BC7C-4E12-961B-7DCF3FFFDCB3}"
EndProject
Project("{FAE04EC0-301F-11D3-BF4B-00C04F79EFBC}") = "08. Triangle of Numbers", "08. Triangle of Numbers\08. Triangle of Numbers.csproj", "{529744B1-894E-46F8-8811-324EBFF86211}"
EndProject
Project("{FAE04EC0-301F-11D3-BF4B-00C04F79EFBC}") = "09. Padawan Equipment", "09. Padawan Equipment\09. Padawan Equipment.csproj", "{2A44276F-ABEE-4328-ABAC-CA45E4089E82}"
EndProject
Project("{FAE04EC0-301F-11D3-BF4B-00C04F79EFBC}") = "10. Rage Expenses", "10. Rage Expenses\10. Rage Expenses.csproj", "{BC7D9047-34BC-47D1-99A4-0D72666368B9}"
EndProject
Project("{FAE04EC0-301F-11D3-BF4B-00C04F79EFBC}") = "11. Orders", "11. Orders\11. Orders.csproj", "{9270F70A-E410-4632-B520-687F1D70ACE6}"
EndProject
Global
	GlobalSection(SolutionConfigurationPlatforms) = preSolution
		Debug|Any CPU = Debug|Any CPU
		Release|Any CPU = Release|Any CPU
	EndGlobalSection
	GlobalSection(ProjectConfigurationPlatforms) = postSolution
		{E6A3D4BA-B924-4261-AC00-BD2146F1BDCC}.Debug|Any CPU.ActiveCfg = Debug|Any CPU
		{E6A3D4BA-B924-4261-AC00-BD2146F1BDCC}.Debug|Any CPU.Build.0 = Debug|Any CPU
		{E6A3D4BA-B924-4261-AC00-BD2146F1BDCC}.Release|Any CPU.ActiveCfg = Release|Any CPU
		{E6A3D4BA-B924-4261-AC00-BD2146F1BDCC}.Release|Any CPU.Build.0 = Release|Any CPU
		{86040935-1628-448A-87D2-686DAF70D00E}.Debug|Any CPU.ActiveCfg = Debug|Any CPU
		{86040935-1628-448A-87D2-686DAF70D00E}.Debug|Any CPU.Build.0 = Debug|Any CPU
		{86040935-1628-448A-87D2-686DAF70D00E}.Release|Any CPU.ActiveCfg = Release|Any CPU
		{86040935-1628-448A-87D2-686DAF70D00E}.Release|Any CPU.Build.0 = Release|Any CPU
		{441B0662-08B2-4ABA-B297-C5DEF2A45F4D}.Debug|Any CPU.ActiveCfg = Debug|Any CPU
		{441B0662-08B2-4ABA-B297-C5DEF2A45F4D}.Debug|Any CPU.Build.0 = Debug|Any CPU
		{441B0662-08B2-4ABA-B297-C5DEF2A45F4D}.Release|Any CPU.ActiveCfg = Release|Any CPU
		{441B0662-08B2-4ABA-B297-C5DEF2A45F4D}.Release|Any CPU.Build.0 = Release|Any CPU
		{46AE295C-E7B4-4E67-8C46-B9AD3AFE6E85}.Debug|Any CPU.ActiveCfg = Debug|Any CPU
		{46AE295C-E7B4-4E67-8C46-B9AD3AFE6E85}.Debug|Any CPU.Build.0 = Debug|Any CPU
		{46AE295C-E7B4-4E67-8C46-B9AD3AFE6E85}.Release|Any CPU.ActiveCfg = Release|Any CPU
		{46AE295C-E7B4-4E67-8C46-B9AD3AFE6E85}.Release|Any CPU.Build.0 = Release|Any CPU
		{335B5356-2729-4E9E-AA72-EE40C7A6AC3D}.Debug|Any CPU.ActiveCfg = Debug|Any CPU
		{335B5356-2729-4E9E-AA72-EE40C7A6AC3D}.Debug|Any CPU.Build.0 = Debug|Any CPU
		{335B5356-2729-4E9E-AA72-EE40C7A6AC3D}.Release|Any CPU.ActiveCfg = Release|Any CPU
		{335B5356-2729-4E9E-AA72-EE40C7A6AC3D}.Release|Any CPU.Build.0 = Release|Any CPU
		{864673D7-AA4A-41EE-937E-D0900847C175}.Debug|Any CPU.ActiveCfg = Debug|Any CPU
		{864673D7-AA4A-41EE-937E-D0900847C175}.Debug|Any CPU.Build.0 = Debug|Any CPU
		{864673D7-AA4A-41EE-937E-D0900847C175}.Release|Any CPU.ActiveCfg = Release|Any CPU
		{864673D7-AA4A-41EE-937E-D0900847C175}.Release|Any CPU.Build.0 = Release|Any CPU
		{7A3D8925-BC7C-4E12-961B-7DCF3FFFDCB3}.Debug|Any CPU.ActiveCfg = Debug|Any CPU
		{7A3D8925-BC7C-4E12-961B-7DCF3FFFDCB3}.Debug|Any CPU.Build.0 = Debug|Any CPU
		{7A3D8925-BC7C-4E12-961B-7DCF3FFFDCB3}.Release|Any CPU.ActiveCfg = Release|Any CPU
		{7A3D8925-BC7C-4E12-961B-7DCF3FFFDCB3}.Release|Any CPU.Build.0 = Release|Any CPU
		{529744B1-894E-46F8-8811-324EBFF86211}.Debug|Any CPU.ActiveCfg = Debug|Any CPU
		{529744B1-894E-46F8-8811-324EBFF86211}.Debug|Any CPU.Build.0 = Debug|Any CPU
		{529744B1-894E-46F8-8811-324EBFF86211}.Release|Any CPU.ActiveCfg = Release|Any CPU
		{529744B1-894E-46F8-8811-324EBFF86211}.Release|Any CPU.Build.0 = Release|Any CPU
		{2A44276F-ABEE-4328-ABAC-CA45E4089E82}.Debug|Any CPU.ActiveCfg = Debug|Any CPU
		{2A44276F-ABEE-4328-ABAC-CA45E4089E82}.Debug|Any CPU.Build.0 = Debug|Any CPU
		{2A44276F-ABEE-4328-ABAC-CA45E4089E82}.Release|Any CPU.ActiveCfg = Release|Any CPU
		{2A44276F-ABEE-4328-ABAC-CA45E4089E82}.Release|Any CPU.Build.0 = Release|Any CPU
		{BC7D9047-34BC-47D1-99A4-0D72666368B9}.Debug|Any CPU.ActiveCfg = Debug|Any CPU
		{BC7D9047-34BC-47D1-99A4-0D72666368B9}.Debug|Any CPU.Build.0 = Debug|Any CPU
		{BC7D9047-34BC-47D1-99A4-0D72666368B9}.Release|Any CPU.ActiveCfg = Release|Any CPU
		{BC7D9047-34BC-47D1-99A4-0D72666368B9}.Release|Any CPU.Build.0 = Release|Any CPU
		{9270F70A-E410-4632-B520-687F1D70ACE6}.Debug|Any CPU.ActiveCfg = Debug|Any CPU
		{9270F70A-E410-4632-B520-687F1D70ACE6}.Debug|Any CPU.Build.0 = Debug|Any CPU
		{9270F70A-E410-4632-B520-687F1D70ACE6}.Release|Any CPU.ActiveCfg = Release|Any CPU
		{9270F70A-E410-4632-B520-687F1D70ACE6}.Release|Any CPU.Build.0 = Release|Any CPU
	EndGlobalSection
	GlobalSection(SolutionProperties) = preSolution
		HideSolutionNode = FALSE
	EndGlobalSection
	GlobalSection(ExtensibilityGlobals) = postSolution
		SolutionGuid = {07C642D0-B022-4DBA-87F6-87FAFC3ED60E}
	EndGlobalSection
EndGlobal
